// !$*UTF8*$!
{
	archiveVersion = 1;
	classes = {
	};
	objectVersion = 56;
	objects = {

/* Begin PBXBuildFile section */
		DFDC29E52C4F4EB50041DC7D /* beginnerappApp.swift in Sources */ = {isa = PBXBuildFile; fileRef = DFDC29E42C4F4EB50041DC7D /* beginnerappApp.swift */; };
		DFDC29E72C4F4EB50041DC7D /* ContentView.swift in Sources */ = {isa = PBXBuildFile; fileRef = DFDC29E62C4F4EB50041DC7D /* ContentView.swift */; };
		DFDC29E92C4F4EB60041DC7D /* Assets.xcassets in Resources */ = {isa = PBXBuildFile; fileRef = DFDC29E82C4F4EB60041DC7D /* Assets.xcassets */; };
		DFDC29ED2C4F4EB60041DC7D /* Preview Assets.xcassets in Resources */ = {isa = PBXBuildFile; fileRef = DFDC29EC2C4F4EB60041DC7D /* Preview Assets.xcassets */; };
		DFDC29F72C4F4EB60041DC7D /* beginnerappTests.swift in Sources */ = {isa = PBXBuildFile; fileRef = DFDC29F62C4F4EB60041DC7D /* beginnerappTests.swift */; };
		DFDC2A012C4F4EB60041DC7D /* beginnerappUITests.swift in Sources */ = {isa = PBXBuildFile; fileRef = DFDC2A002C4F4EB60041DC7D /* beginnerappUITests.swift */; };
		DFDC2A032C4F4EB60041DC7D /* beginnerappUITestsLaunchTests.swift in Sources */ = {isa = PBXBuildFile; fileRef = DFDC2A022C4F4EB60041DC7D /* beginnerappUITestsLaunchTests.swift */; };
/* End PBXBuildFile section */

/* Begin PBXContainerItemProxy section */
		DFDC29F32C4F4EB60041DC7D /* PBXContainerItemProxy */ = {
			isa = PBXContainerItemProxy;
			containerPortal = DFDC29D92C4F4EB50041DC7D /* Project object */;
			proxyType = 1;
			remoteGlobalIDString = DFDC29E02C4F4EB50041DC7D;
			remoteInfo = beginnerapp;
		};
		DFDC29FD2C4F4EB60041DC7D /* PBXContainerItemProxy */ = {
			isa = PBXContainerItemProxy;
			containerPortal = DFDC29D92C4F4EB50041DC7D /* Project object */;
			proxyType = 1;
			remoteGlobalIDString = DFDC29E02C4F4EB50041DC7D;
			remoteInfo = beginnerapp;
		};
/* End PBXContainerItemProxy section */

/* Begin PBXFileReference section */
		DFDC29E12C4F4EB50041DC7D /* beginnerapp.app */ = {isa = PBXFileReference; explicitFileType = wrapper.application; includeInIndex = 0; path = beginnerapp.app; sourceTree = BUILT_PRODUCTS_DIR; };
		DFDC29E42C4F4EB50041DC7D /* beginnerappApp.swift */ = {isa = PBXFileReference; lastKnownFileType = sourcecode.swift; path = beginnerappApp.swift; sourceTree = "<group>"; };
		DFDC29E62C4F4EB50041DC7D /* ContentView.swift */ = {isa = PBXFileReference; lastKnownFileType = sourcecode.swift; path = ContentView.swift; sourceTree = "<group>"; };
		DFDC29E82C4F4EB60041DC7D /* Assets.xcassets */ = {isa = PBXFileReference; lastKnownFileType = folder.assetcatalog; path = Assets.xcassets; sourceTree = "<group>"; };
		DFDC29EA2C4F4EB60041DC7D /* beginnerapp.entitlements */ = {isa = PBXFileReference; lastKnownFileType = text.plist.entitlements; path = beginnerapp.entitlements; sourceTree = "<group>"; };
		DFDC29EC2C4F4EB60041DC7D /* Preview Assets.xcassets */ = {isa = PBXFileReference; lastKnownFileType = folder.assetcatalog; path = "Preview Assets.xcassets"; sourceTree = "<group>"; };
		DFDC29F22C4F4EB60041DC7D /* beginnerappTests.xctest */ = {isa = PBXFileReference; explicitFileType = wrapper.cfbundle; includeInIndex = 0; path = beginnerappTests.xctest; sourceTree = BUILT_PRODUCTS_DIR; };
		DFDC29F62C4F4EB60041DC7D /* beginnerappTests.swift */ = {isa = PBXFileReference; lastKnownFileType = sourcecode.swift; path = beginnerappTests.swift; sourceTree = "<group>"; };
		DFDC29FC2C4F4EB60041DC7D /* beginnerappUITests.xctest */ = {isa = PBXFileReference; explicitFileType = wrapper.cfbundle; includeInIndex = 0; path = beginnerappUITests.xctest; sourceTree = BUILT_PRODUCTS_DIR; };
		DFDC2A002C4F4EB60041DC7D /* beginnerappUITests.swift */ = {isa = PBXFileReference; lastKnownFileType = sourcecode.swift; path = beginnerappUITests.swift; sourceTree = "<group>"; };
		DFDC2A022C4F4EB60041DC7D /* beginnerappUITestsLaunchTests.swift */ = {isa = PBXFileReference; lastKnownFileType = sourcecode.swift; path = beginnerappUITestsLaunchTests.swift; sourceTree = "<group>"; };
/* End PBXFileReference section */

/* Begin PBXFrameworksBuildPhase section */
		DFDC29DE2C4F4EB50041DC7D /* Frameworks */ = {
			isa = PBXFrameworksBuildPhase;
			buildActionMask = 2147483647;
			files = (
			);
			runOnlyForDeploymentPostprocessing = 0;
		};
		DFDC29EF2C4F4EB60041DC7D /* Frameworks */ = {
			isa = PBXFrameworksBuildPhase;
			buildActionMask = 2147483647;
			files = (
			);
			runOnlyForDeploymentPostprocessing = 0;
		};
		DFDC29F92C4F4EB60041DC7D /* Frameworks */ = {
			isa = PBXFrameworksBuildPhase;
			buildActionMask = 2147483647;
			files = (
			);
			runOnlyForDeploymentPostprocessing = 0;
		};
/* End PBXFrameworksBuildPhase section */

/* Begin PBXGroup section */
		DFDC29D82C4F4EB50041DC7D = {
			isa = PBXGroup;
			children = (
				DFDC29E32C4F4EB50041DC7D /* beginnerapp */,
				DFDC29F52C4F4EB60041DC7D /* beginnerappTests */,
				DFDC29FF2C4F4EB60041DC7D /* beginnerappUITests */,
				DFDC29E22C4F4EB50041DC7D /* Products */,
			);
			sourceTree = "<group>";
		};
		DFDC29E22C4F4EB50041DC7D /* Products */ = {
			isa = PBXGroup;
			children = (
				DFDC29E12C4F4EB50041DC7D /* beginnerapp.app */,
				DFDC29F22C4F4EB60041DC7D /* beginnerappTests.xctest */,
				DFDC29FC2C4F4EB60041DC7D /* beginnerappUITests.xctest */,
			);
			name = Products;
			sourceTree = "<group>";
		};
		DFDC29E32C4F4EB50041DC7D /* beginnerapp */ = {
			isa = PBXGroup;
			children = (
				DFDC29E42C4F4EB50041DC7D /* beginnerappApp.swift */,
				DFDC29E62C4F4EB50041DC7D /* ContentView.swift */,
				DFDC29E82C4F4EB60041DC7D /* Assets.xcassets */,
				DFDC29EA2C4F4EB60041DC7D /* beginnerapp.entitlements */,
				DFDC29EB2C4F4EB60041DC7D /* Preview Content */,
			);
			path = beginnerapp;
			sourceTree = "<group>";
		};
		DFDC29EB2C4F4EB60041DC7D /* Preview Content */ = {
			isa = PBXGroup;
			children = (
				DFDC29EC2C4F4EB60041DC7D /* Preview Assets.xcassets */,
			);
			path = "Preview Content";
			sourceTree = "<group>";
		};
		DFDC29F52C4F4EB60041DC7D /* beginnerappTests */ = {
			isa = PBXGroup;
			children = (
				DFDC29F62C4F4EB60041DC7D /* beginnerappTests.swift */,
			);
			path = beginnerappTests;
			sourceTree = "<group>";
		};
		DFDC29FF2C4F4EB60041DC7D /* beginnerappUITests */ = {
			isa = PBXGroup;
			children = (
				DFDC2A002C4F4EB60041DC7D /* beginnerappUITests.swift */,
				DFDC2A022C4F4EB60041DC7D /* beginnerappUITestsLaunchTests.swift */,
			);
			path = beginnerappUITests;
			sourceTree = "<group>";
		};
/* End PBXGroup section */

/* Begin PBXNativeTarget section */
		DFDC29E02C4F4EB50041DC7D /* beginnerapp */ = {
			isa = PBXNativeTarget;
			buildConfigurationList = DFDC2A062C4F4EB60041DC7D /* Build configuration list for PBXNativeTarget "beginnerapp" */;
			buildPhases = (
				DFDC29DD2C4F4EB50041DC7D /* Sources */,
				DFDC29DE2C4F4EB50041DC7D /* Frameworks */,
				DFDC29DF2C4F4EB50041DC7D /* Resources */,
			);
			buildRules = (
			);
			dependencies = (
			);
			name = beginnerapp;
			productName = beginnerapp;
			productReference = DFDC29E12C4F4EB50041DC7D /* beginnerapp.app */;
			productType = "com.apple.product-type.application";
		};
		DFDC29F12C4F4EB60041DC7D /* beginnerappTests */ = {
			isa = PBXNativeTarget;
			buildConfigurationList = DFDC2A092C4F4EB60041DC7D /* Build configuration list for PBXNativeTarget "beginnerappTests" */;
			buildPhases = (
				DFDC29EE2C4F4EB60041DC7D /* Sources */,
				DFDC29EF2C4F4EB60041DC7D /* Frameworks */,
				DFDC29F02C4F4EB60041DC7D /* Resources */,
			);
			buildRules = (
			);
			dependencies = (
				DFDC29F42C4F4EB60041DC7D /* PBXTargetDependency */,
			);
			name = beginnerappTests;
			productName = beginnerappTests;
			productReference = DFDC29F22C4F4EB60041DC7D /* beginnerappTests.xctest */;
			productType = "com.apple.product-type.bundle.unit-test";
		};
		DFDC29FB2C4F4EB60041DC7D /* beginnerappUITests */ = {
			isa = PBXNativeTarget;
			buildConfigurationList = DFDC2A0C2C4F4EB60041DC7D /* Build configuration list for PBXNativeTarget "beginnerappUITests" */;
			buildPhases = (
				DFDC29F82C4F4EB60041DC7D /* Sources */,
				DFDC29F92C4F4EB60041DC7D /* Frameworks */,
				DFDC29FA2C4F4EB60041DC7D /* Resources */,
			);
			buildRules = (
			);
			dependencies = (
				DFDC29FE2C4F4EB60041DC7D /* PBXTargetDependency */,
			);
			name = beginnerappUITests;
			productName = beginnerappUITests;
			productReference = DFDC29FC2C4F4EB60041DC7D /* beginnerappUITests.xctest */;
			productType = "com.apple.product-type.bundle.ui-testing";
		};
/* End PBXNativeTarget section */

/* Begin PBXProject section */
		DFDC29D92C4F4EB50041DC7D /* Project object */ = {
			isa = PBXProject;
			attributes = {
				BuildIndependentTargetsInParallel = 1;
				LastSwiftUpdateCheck = 1430;
				LastUpgradeCheck = 1430;
				TargetAttributes = {
					DFDC29E02C4F4EB50041DC7D = {
						CreatedOnToolsVersion = 14.3.1;
					};
					DFDC29F12C4F4EB60041DC7D = {
						CreatedOnToolsVersion = 14.3.1;
						TestTargetID = DFDC29E02C4F4EB50041DC7D;
					};
					DFDC29FB2C4F4EB60041DC7D = {
						CreatedOnToolsVersion = 14.3.1;
						TestTargetID = DFDC29E02C4F4EB50041DC7D;
					};
				};
			};
			buildConfigurationList = DFDC29DC2C4F4EB50041DC7D /* Build configuration list for PBXProject "beginnerapp" */;
			compatibilityVersion = "Xcode 14.0";
			developmentRegion = en;
			hasScannedForEncodings = 0;
			knownRegions = (
				en,
				Base,
			);
			mainGroup = DFDC29D82C4F4EB50041DC7D;
			productRefGroup = DFDC29E22C4F4EB50041DC7D /* Products */;
			projectDirPath = "";
			projectRoot = "";
			targets = (
				DFDC29E02C4F4EB50041DC7D /* beginnerapp */,
				DFDC29F12C4F4EB60041DC7D /* beginnerappTests */,
				DFDC29FB2C4F4EB60041DC7D /* beginnerappUITests */,
			);
		};
/* End PBXProject section */

/* Begin PBXResourcesBuildPhase section */
		DFDC29DF2C4F4EB50041DC7D /* Resources */ = {
			isa = PBXResourcesBuildPhase;
			buildActionMask = 2147483647;
			files = (
				DFDC29ED2C4F4EB60041DC7D /* Preview Assets.xcassets in Resources */,
				DFDC29E92C4F4EB60041DC7D /* Assets.xcassets in Resources */,
			);
			runOnlyForDeploymentPostprocessing = 0;
		};
		DFDC29F02C4F4EB60041DC7D /* Resources */ = {
			isa = PBXResourcesBuildPhase;
			buildActionMask = 2147483647;
			files = (
			);
			runOnlyForDeploymentPostprocessing = 0;
		};
		DFDC29FA2C4F4EB60041DC7D /* Resources */ = {
			isa = PBXResourcesBuildPhase;
			buildActionMask = 2147483647;
			files = (
			);
			runOnlyForDeploymentPostprocessing = 0;
		};
/* End PBXResourcesBuildPhase section */

/* Begin PBXSourcesBuildPhase section */
		DFDC29DD2C4F4EB50041DC7D /* Sources */ = {
			isa = PBXSourcesBuildPhase;
			buildActionMask = 2147483647;
			files = (
				DFDC29E72C4F4EB50041DC7D /* ContentView.swift in Sources */,
				DFDC29E52C4F4EB50041DC7D /* beginnerappApp.swift in Sources */,
			);
			runOnlyForDeploymentPostprocessing = 0;
		};
		DFDC29EE2C4F4EB60041DC7D /* Sources */ = {
			isa = PBXSourcesBuildPhase;
			buildActionMask = 2147483647;
			files = (
				DFDC29F72C4F4EB60041DC7D /* beginnerappTests.swift in Sources */,
			);
			runOnlyForDeploymentPostprocessing = 0;
		};
		DFDC29F82C4F4EB60041DC7D /* Sources */ = {
			isa = PBXSourcesBuildPhase;
			buildActionMask = 2147483647;
			files = (
				DFDC2A032C4F4EB60041DC7D /* beginnerappUITestsLaunchTests.swift in Sources */,
				DFDC2A012C4F4EB60041DC7D /* beginnerappUITests.swift in Sources */,
			);
			runOnlyForDeploymentPostprocessing = 0;
		};
/* End PBXSourcesBuildPhase section */

/* Begin PBXTargetDependency section */
		DFDC29F42C4F4EB60041DC7D /* PBXTargetDependency */ = {
			isa = PBXTargetDependency;
			target = DFDC29E02C4F4EB50041DC7D /* beginnerapp */;
			targetProxy = DFDC29F32C4F4EB60041DC7D /* PBXContainerItemProxy */;
		};
		DFDC29FE2C4F4EB60041DC7D /* PBXTargetDependency */ = {
			isa = PBXTargetDependency;
			target = DFDC29E02C4F4EB50041DC7D /* beginnerapp */;
			targetProxy = DFDC29FD2C4F4EB60041DC7D /* PBXContainerItemProxy */;
		};
/* End PBXTargetDependency section */

/* Begin XCBuildConfiguration section */
		DFDC2A042C4F4EB60041DC7D /* Debug */ = {
			isa = XCBuildConfiguration;
			buildSettings = {
				ALWAYS_SEARCH_USER_PATHS = NO;
				CLANG_ANALYZER_NONNULL = YES;
				CLANG_ANALYZER_NUMBER_OBJECT_CONVERSION = YES_AGGRESSIVE;
				CLANG_CXX_LANGUAGE_STANDARD = "gnu++20";
				CLANG_ENABLE_MODULES = YES;
				CLANG_ENABLE_OBJC_ARC = YES;
				CLANG_ENABLE_OBJC_WEAK = YES;
				CLANG_WARN_BLOCK_CAPTURE_AUTORELEASING = YES;
				CLANG_WARN_BOOL_CONVERSION = YES;
				CLANG_WARN_COMMA = YES;
				CLANG_WARN_CONSTANT_CONVERSION = YES;
				CLANG_WARN_DEPRECATED_OBJC_IMPLEMENTATIONS = YES;
				CLANG_WARN_DIRECT_OBJC_ISA_USAGE = YES_ERROR;
				CLANG_WARN_DOCUMENTATION_COMMENTS = YES;
				CLANG_WARN_EMPTY_BODY = YES;
				CLANG_WARN_ENUM_CONVERSION = YES;
				CLANG_WARN_INFINITE_RECURSION = YES;
				CLANG_WARN_INT_CONVERSION = YES;
				CLANG_WARN_NON_LITERAL_NULL_CONVERSION = YES;
				CLANG_WARN_OBJC_IMPLICIT_RETAIN_SELF = YES;
				CLANG_WARN_OBJC_LITERAL_CONVERSION = YES;
				CLANG_WARN_OBJC_ROOT_CLASS = YES_ERROR;
				CLANG_WARN_QUOTED_INCLUDE_IN_FRAMEWORK_HEADER = YES;
				CLANG_WARN_RANGE_LOOP_ANALYSIS = YES;
				CLANG_WARN_STRICT_PROTOTYPES = YES;
				CLANG_WARN_SUSPICIOUS_MOVE = YES;
				CLANG_WARN_UNGUARDED_AVAILABILITY = YES_AGGRESSIVE;
				CLANG_WARN_UNREACHABLE_CODE = YES;
				CLANG_WARN__DUPLICATE_METHOD_MATCH = YES;
				COPY_PHASE_STRIP = NO;
				DEBUG_INFORMATION_FORMAT = dwarf;
				ENABLE_STRICT_OBJC_MSGSEND = YES;
				ENABLE_TESTABILITY = YES;
				GCC_C_LANGUAGE_STANDARD = gnu11;
				GCC_DYNAMIC_NO_PIC = NO;
				GCC_NO_COMMON_BLOCKS = YES;
				GCC_OPTIMIZATION_LEVEL = 0;
				GCC_PREPROCESSOR_DEFINITIONS = (
					"DEBUG=1",
					"$(inherited)",
				);
				GCC_WARN_64_TO_32_BIT_CONVERSION = YES;
				GCC_WARN_ABOUT_RETURN_TYPE = YES_ERROR;
				GCC_WARN_UNDECLARED_SELECTOR = YES;
				GCC_WARN_UNINITIALIZED_AUTOS = YES_AGGRESSIVE;
				GCC_WARN_UNUSED_FUNCTION = YES;
				GCC_WARN_UNUSED_VARIABLE = YES;
				MTL_ENABLE_DEBUG_INFO = INCLUDE_SOURCE;
				MTL_FAST_MATH = YES;
				ONLY_ACTIVE_ARCH = YES;
				SWIFT_ACTIVE_COMPILATION_CONDITIONS = DEBUG;
				SWIFT_OPTIMIZATION_LEVEL = "-Onone";
			};
			name = Debug;
		};
		DFDC2A052C4F4EB60041DC7D /* Release */ = {
			isa = XCBuildConfiguration;
			buildSettings = {
				ALWAYS_SEARCH_USER_PATHS = NO;
				CLANG_ANALYZER_NONNULL = YES;
				CLANG_ANALYZER_NUMBER_OBJECT_CONVERSION = YES_AGGRESSIVE;
				CLANG_CXX_LANGUAGE_STANDARD = "gnu++20";
				CLANG_ENABLE_MODULES = YES;
				CLANG_ENABLE_OBJC_ARC = YES;
				CLANG_ENABLE_OBJC_WEAK = YES;
				CLANG_WARN_BLOCK_CAPTURE_AUTORELEASING = YES;
				CLANG_WARN_BOOL_CONVERSION = YES;
				CLANG_WARN_COMMA = YES;
				CLANG_WARN_CONSTANT_CONVERSION = YES;
				CLANG_WARN_DEPRECATED_OBJC_IMPLEMENTATIONS = YES;
				CLANG_WARN_DIRECT_OBJC_ISA_USAGE = YES_ERROR;
				CLANG_WARN_DOCUMENTATION_COMMENTS = YES;
				CLANG_WARN_EMPTY_BODY = YES;
				CLANG_WARN_ENUM_CONVERSION = YES;
				CLANG_WARN_INFINITE_RECURSION = YES;
				CLANG_WARN_INT_CONVERSION = YES;
				CLANG_WARN_NON_LITERAL_NULL_CONVERSION = YES;
				CLANG_WARN_OBJC_IMPLICIT_RETAIN_SELF = YES;
				CLANG_WARN_OBJC_LITERAL_CONVERSION = YES;
				CLANG_WARN_OBJC_ROOT_CLASS = YES_ERROR;
				CLANG_WARN_QUOTED_INCLUDE_IN_FRAMEWORK_HEADER = YES;
				CLANG_WARN_RANGE_LOOP_ANALYSIS = YES;
				CLANG_WARN_STRICT_PROTOTYPES = YES;
				CLANG_WARN_SUSPICIOUS_MOVE = YES;
				CLANG_WARN_UNGUARDED_AVAILABILITY = YES_AGGRESSIVE;
				CLANG_WARN_UNREACHABLE_CODE = YES;
				CLANG_WARN__DUPLICATE_METHOD_MATCH = YES;
				COPY_PHASE_STRIP = NO;
				DEBUG_INFORMATION_FORMAT = "dwarf-with-dsym";
				ENABLE_NS_ASSERTIONS = NO;
				ENABLE_STRICT_OBJC_MSGSEND = YES;
				GCC_C_LANGUAGE_STANDARD = gnu11;
				GCC_NO_COMMON_BLOCKS = YES;
				GCC_WARN_64_TO_32_BIT_CONVERSION = YES;
				GCC_WARN_ABOUT_RETURN_TYPE = YES_ERROR;
				GCC_WARN_UNDECLARED_SELECTOR = YES;
				GCC_WARN_UNINITIALIZED_AUTOS = YES_AGGRESSIVE;
				GCC_WARN_UNUSED_FUNCTION = YES;
				GCC_WARN_UNUSED_VARIABLE = YES;
				MTL_ENABLE_DEBUG_INFO = NO;
				MTL_FAST_MATH = YES;
				SWIFT_COMPILATION_MODE = wholemodule;
				SWIFT_OPTIMIZATION_LEVEL = "-O";
			};
			name = Release;
		};
		DFDC2A072C4F4EB60041DC7D /* Debug */ = {
			isa = XCBuildConfiguration;
			buildSettings = {
				ASSETCATALOG_COMPILER_APPICON_NAME = AppIcon;
				ASSETCATALOG_COMPILER_GLOBAL_ACCENT_COLOR_NAME = AccentColor;
				CODE_SIGN_ENTITLEMENTS = beginnerapp/beginnerapp.entitlements;
				CODE_SIGN_STYLE = Automatic;
				CURRENT_PROJECT_VERSION = 1;
				DEVELOPMENT_ASSET_PATHS = "\"beginnerapp/Preview Content\"";
				ENABLE_PREVIEWS = YES;
				GENERATE_INFOPLIST_FILE = YES;
				"INFOPLIST_KEY_UIApplicationSceneManifest_Generation[sdk=iphoneos*]" = YES;
				"INFOPLIST_KEY_UIApplicationSceneManifest_Generation[sdk=iphonesimulator*]" = YES;
				"INFOPLIST_KEY_UIApplicationSupportsIndirectInputEvents[sdk=iphoneos*]" = YES;
				"INFOPLIST_KEY_UIApplicationSupportsIndirectInputEvents[sdk=iphonesimulator*]" = YES;
				"INFOPLIST_KEY_UILaunchScreen_Generation[sdk=iphoneos*]" = YES;
				"INFOPLIST_KEY_UILaunchScreen_Generation[sdk=iphonesimulator*]" = YES;
				"INFOPLIST_KEY_UIStatusBarStyle[sdk=iphoneos*]" = UIStatusBarStyleDefault;
				"INFOPLIST_KEY_UIStatusBarStyle[sdk=iphonesimulator*]" = UIStatusBarStyleDefault;
				INFOPLIST_KEY_UISupportedInterfaceOrientations_iPad = "UIInterfaceOrientationPortrait UIInterfaceOrientationPortraitUpsideDown UIInterfaceOrientationLandscapeLeft UIInterfaceOrientationLandscapeRight";
				INFOPLIST_KEY_UISupportedInterfaceOrientations_iPhone = "UIInterfaceOrientationPortrait UIInterfaceOrientationLandscapeLeft UIInterfaceOrientationLandscapeRight";
				IPHONEOS_DEPLOYMENT_TARGET = 16.4;
				LD_RUNPATH_SEARCH_PATHS = "@executable_path/Frameworks";
				"LD_RUNPATH_SEARCH_PATHS[sdk=macosx*]" = "@executable_path/../Frameworks";
				MACOSX_DEPLOYMENT_TARGET = 13.0;
				MARKETING_VERSION = 1.0;
				PRODUCT_BUNDLE_IDENTIFIER = com.beginnerapp;
				PRODUCT_NAME = "$(TARGET_NAME)";
				SDKROOT = auto;
				SUPPORTED_PLATFORMS = "iphoneos iphonesimulator macosx";
				SWIFT_EMIT_LOC_STRINGS = YES;
				SWIFT_VERSION = 5.0;
				TARGETED_DEVICE_FAMILY = "1,2";
			};
			name = Debug;
		};
		DFDC2A082C4F4EB60041DC7D /* Release */ = {
			isa = XCBuildConfiguration;
			buildSettings = {
				ASSETCATALOG_COMPILER_APPICON_NAME = AppIcon;
				ASSETCATALOG_COMPILER_GLOBAL_ACCENT_COLOR_NAME = AccentColor;
				CODE_SIGN_ENTITLEMENTS = beginnerapp/beginnerapp.entitlements;
				CODE_SIGN_STYLE = Automatic;
				CURRENT_PROJECT_VERSION = 1;
				DEVELOPMENT_ASSET_PATHS = "\"beginnerapp/Preview Content\"";
				ENABLE_PREVIEWS = YES;
				GENERATE_INFOPLIST_FILE = YES;
				"INFOPLIST_KEY_UIApplicationSceneManifest_Generation[sdk=iphoneos*]" = YES;
				"INFOPLIST_KEY_UIApplicationSceneManifest_Generation[sdk=iphonesimulator*]" = YES;
				"INFOPLIST_KEY_UIApplicationSupportsIndirectInputEvents[sdk=iphoneos*]" = YES;
				"INFOPLIST_KEY_UIApplicationSupportsIndirectInputEvents[sdk=iphonesimulator*]" = YES;
				"INFOPLIST_KEY_UILaunchScreen_Generation[sdk=iphoneos*]" = YES;
				"INFOPLIST_KEY_UILaunchScreen_Generation[sdk=iphonesimulator*]" = YES;
				"INFOPLIST_KEY_UIStatusBarStyle[sdk=iphoneos*]" = UIStatusBarStyleDefault;
				"INFOPLIST_KEY_UIStatusBarStyle[sdk=iphonesimulator*]" = UIStatusBarStyleDefault;
				INFOPLIST_KEY_UISupportedInterfaceOrientations_iPad = "UIInterfaceOrientationPortrait UIInterfaceOrientationPortraitUpsideDown UIInterfaceOrientationLandscapeLeft UIInterfaceOrientationLandscapeRight";
				INFOPLIST_KEY_UISupportedInterfaceOrientations_iPhone = "UIInterfaceOrientationPortrait UIInterfaceOrientationLandscapeLeft UIInterfaceOrientationLandscapeRight";
				IPHONEOS_DEPLOYMENT_TARGET = 16.4;
				LD_RUNPATH_SEARCH_PATHS = "@executable_path/Frameworks";
				"LD_RUNPATH_SEARCH_PATHS[sdk=macosx*]" = "@executable_path/../Frameworks";
				MACOSX_DEPLOYMENT_TARGET = 13.0;
				MARKETING_VERSION = 1.0;
				PRODUCT_BUNDLE_IDENTIFIER = com.beginnerapp;
				PRODUCT_NAME = "$(TARGET_NAME)";
				SDKROOT = auto;
				SUPPORTED_PLATFORMS = "iphoneos iphonesimulator macosx";
				SWIFT_EMIT_LOC_STRINGS = YES;
				SWIFT_VERSION = 5.0;
				TARGETED_DEVICE_FAMILY = "1,2";
			};
			name = Release;
		};
		DFDC2A0A2C4F4EB60041DC7D /* Debug */ = {
			isa = XCBuildConfiguration;
			buildSettings = {
				ALWAYS_EMBED_SWIFT_STANDARD_LIBRARIES = YES;
				BUNDLE_LOADER = "$(TEST_HOST)";
				CODE_SIGN_STYLE = Automatic;
				CURRENT_PROJECT_VERSION = 1;
				GENERATE_INFOPLIST_FILE = YES;
				IPHONEOS_DEPLOYMENT_TARGET = 16.4;
				MACOSX_DEPLOYMENT_TARGET = 13.0;
				MARKETING_VERSION = 1.0;
				PRODUCT_BUNDLE_IDENTIFIER = com.beginnerappTests;
				PRODUCT_NAME = "$(TARGET_NAME)";
				SDKROOT = auto;
				SUPPORTED_PLATFORMS = "iphoneos iphonesimulator macosx";
				SWIFT_EMIT_LOC_STRINGS = NO;
				SWIFT_VERSION = 5.0;
				TARGETED_DEVICE_FAMILY = "1,2";
				TEST_HOST = "$(BUILT_PRODUCTS_DIR)/beginnerapp.app/$(BUNDLE_EXECUTABLE_FOLDER_PATH)/beginnerapp";
			};
			name = Debug;
		};
		DFDC2A0B2C4F4EB60041DC7D /* Release */ = {
			isa = XCBuildConfiguration;
			buildSettings = {
				ALWAYS_EMBED_SWIFT_STANDARD_LIBRARIES = YES;
				BUNDLE_LOADER = "$(TEST_HOST)";
				CODE_SIGN_STYLE = Automatic;
				CURRENT_PROJECT_VERSION = 1;
				GENERATE_INFOPLIST_FILE = YES;
				IPHONEOS_DEPLOYMENT_TARGET = 16.4;
				MACOSX_DEPLOYMENT_TARGET = 13.0;
				MARKETING_VERSION = 1.0;
				PRODUCT_BUNDLE_IDENTIFIER = com.beginnerappTests;
				PRODUCT_NAME = "$(TARGET_NAME)";
				SDKROOT = auto;
				SUPPORTED_PLATFORMS = "iphoneos iphonesimulator macosx";
				SWIFT_EMIT_LOC_STRINGS = NO;
				SWIFT_VERSION = 5.0;
				TARGETED_DEVICE_FAMILY = "1,2";
				TEST_HOST = "$(BUILT_PRODUCTS_DIR)/beginnerapp.app/$(BUNDLE_EXECUTABLE_FOLDER_PATH)/beginnerapp";
			};
			name = Release;
		};
		DFDC2A0D2C4F4EB60041DC7D /* Debug */ = {
			isa = XCBuildConfiguration;
			buildSettings = {
				ALWAYS_EMBED_SWIFT_STANDARD_LIBRARIES = YES;
				CODE_SIGN_STYLE = Automatic;
				CURRENT_PROJECT_VERSION = 1;
				GENERATE_INFOPLIST_FILE = YES;
				IPHONEOS_DEPLOYMENT_TARGET = 16.4;
				MACOSX_DEPLOYMENT_TARGET = 13.0;
				MARKETING_VERSION = 1.0;
				PRODUCT_BUNDLE_IDENTIFIER = com.beginnerappUITests;
				PRODUCT_NAME = "$(TARGET_NAME)";
				SDKROOT = auto;
				SUPPORTED_PLATFORMS = "iphoneos iphonesimulator macosx";
				SWIFT_EMIT_LOC_STRINGS = NO;
				SWIFT_VERSION = 5.0;
				TARGETED_DEVICE_FAMILY = "1,2";
				TEST_TARGET_NAME = beginnerapp;
			};
			name = Debug;
		};
		DFDC2A0E2C4F4EB60041DC7D /* Release */ = {
			isa = XCBuildConfiguration;
			buildSettings = {
				ALWAYS_EMBED_SWIFT_STANDARD_LIBRARIES = YES;
				CODE_SIGN_STYLE = Automatic;
				CURRENT_PROJECT_VERSION = 1;
				GENERATE_INFOPLIST_FILE = YES;
				IPHONEOS_DEPLOYMENT_TARGET = 16.4;
				MACOSX_DEPLOYMENT_TARGET = 13.0;
				MARKETING_VERSION = 1.0;
				PRODUCT_BUNDLE_IDENTIFIER = com.beginnerappUITests;
				PRODUCT_NAME = "$(TARGET_NAME)";
				SDKROOT = auto;
				SUPPORTED_PLATFORMS = "iphoneos iphonesimulator macosx";
				SWIFT_EMIT_LOC_STRINGS = NO;
				SWIFT_VERSION = 5.0;
				TARGETED_DEVICE_FAMILY = "1,2";
				TEST_TARGET_NAME = beginnerapp;
			};
			name = Release;
		};
/* End XCBuildConfiguration section */

/* Begin XCConfigurationList section */
		DFDC29DC2C4F4EB50041DC7D /* Build configuration list for PBXProject "beginnerapp" */ = {
			isa = XCConfigurationList;
			buildConfigurations = (
				DFDC2A042C4F4EB60041DC7D /* Debug */,
				DFDC2A052C4F4EB60041DC7D /* Release */,
			);
			defaultConfigurationIsVisible = 0;
			defaultConfigurationName = Release;
		};
		DFDC2A062C4F4EB60041DC7D /* Build configuration list for PBXNativeTarget "beginnerapp" */ = {
			isa = XCConfigurationList;
			buildConfigurations = (
				DFDC2A072C4F4EB60041DC7D /* Debug */,
				DFDC2A082C4F4EB60041DC7D /* Release */,
			);
			defaultConfigurationIsVisible = 0;
			defaultConfigurationName = Release;
		};
		DFDC2A092C4F4EB60041DC7D /* Build configuration list for PBXNativeTarget "beginnerappTests" */ = {
			isa = XCConfigurationList;
			buildConfigurations = (
				DFDC2A0A2C4F4EB60041DC7D /* Debug */,
				DFDC2A0B2C4F4EB60041DC7D /* Release */,
			);
			defaultConfigurationIsVisible = 0;
			defaultConfigurationName = Release;
		};
		DFDC2A0C2C4F4EB60041DC7D /* Build configuration list for PBXNativeTarget "beginnerappUITests" */ = {
			isa = XCConfigurationList;
			buildConfigurations = (
				DFDC2A0D2C4F4EB60041DC7D /* Debug */,
				DFDC2A0E2C4F4EB60041DC7D /* Release */,
			);
			defaultConfigurationIsVisible = 0;
			defaultConfigurationName = Release;
		};
/* End XCConfigurationList section */
	};
	rootObject = DFDC29D92C4F4EB50041DC7D /* Project object */;
}
